
Microsoft Visual Studio Solution File, Format Version 12.00
# Visual Studio Version 16
VisualStudioVersion = 16.0.30128.74
MinimumVisualStudioVersion = 15.0.26124.0
Project("{9A19103F-16F7-4668-BE54-9A1E7A4F7556}") = "IdentityProvider", "IdentityProvider\IdentityProvider.csproj", "{8EC6EF32-1DC4-4682-B5AB-6AF1D5A2BB3E}"
EndProject
Project("{9A19103F-16F7-4668-BE54-9A1E7A4F7556}") = "BlazorClient", "BlazorClient\BlazorClient.csproj", "{EE14A7C4-D8F3-47F4-9EE1-A55788BCF50B}"
EndProject
Project("{FAE04EC0-301F-11D3-BF4B-00C04F79EFBC}") = "WeatherApi", "WeatherApi\WeatherApi.csproj", "{3D455851-1600-4750-A0B0-360C485FF2F1}"
EndProject
Global
	GlobalSection(SolutionConfigurationPlatforms) = preSolution
		Debug|Any CPU = Debug|Any CPU
		Debug|x64 = Debug|x64
		Debug|x86 = Debug|x86
		Release|Any CPU = Release|Any CPU
		Release|x64 = Release|x64
		Release|x86 = Release|x86
	EndGlobalSection
	GlobalSection(ProjectConfigurationPlatforms) = postSolution
		{8EC6EF32-1DC4-4682-B5AB-6AF1D5A2BB3E}.Debug|Any CPU.ActiveCfg = Debug|Any CPU
		{8EC6EF32-1DC4-4682-B5AB-6AF1D5A2BB3E}.Debug|Any CPU.Build.0 = Debug|Any CPU
		{8EC6EF32-1DC4-4682-B5AB-6AF1D5A2BB3E}.Debug|x64.ActiveCfg = Debug|Any CPU
		{8EC6EF32-1DC4-4682-B5AB-6AF1D5A2BB3E}.Debug|x64.Build.0 = Debug|Any CPU
		{8EC6EF32-1DC4-4682-B5AB-6AF1D5A2BB3E}.Debug|x86.ActiveCfg = Debug|Any CPU
		{8EC6EF32-1DC4-4682-B5AB-6AF1D5A2BB3E}.Debug|x86.Build.0 = Debug|Any CPU
		{8EC6EF32-1DC4-4682-B5AB-6AF1D5A2BB3E}.Release|Any CPU.ActiveCfg = Release|Any CPU
		{8EC6EF32-1DC4-4682-B5AB-6AF1D5A2BB3E}.Release|Any CPU.Build.0 = Release|Any CPU
		{8EC6EF32-1DC4-4682-B5AB-6AF1D5A2BB3E}.Release|x64.ActiveCfg = Release|Any CPU
		{8EC6EF32-1DC4-4682-B5AB-6AF1D5A2BB3E}.Release|x64.Build.0 = Release|Any CPU
		{8EC6EF32-1DC4-4682-B5AB-6AF1D5A2BB3E}.Release|x86.ActiveCfg = Release|Any CPU
		{8EC6EF32-1DC4-4682-B5AB-6AF1D5A2BB3E}.Release|x86.Build.0 = Release|Any CPU
		{EE14A7C4-D8F3-47F4-9EE1-A55788BCF50B}.Debug|Any CPU.ActiveCfg = Debug|Any CPU
		{EE14A7C4-D8F3-47F4-9EE1-A55788BCF50B}.Debug|Any CPU.Build.0 = Debug|Any CPU
		{EE14A7C4-D8F3-47F4-9EE1-A55788BCF50B}.Debug|x64.ActiveCfg = Debug|Any CPU
		{EE14A7C4-D8F3-47F4-9EE1-A55788BCF50B}.Debug|x64.Build.0 = Debug|Any CPU
		{EE14A7C4-D8F3-47F4-9EE1-A55788BCF50B}.Debug|x86.ActiveCfg = Debug|Any CPU
		{EE14A7C4-D8F3-47F4-9EE1-A55788BCF50B}.Debug|x86.Build.0 = Debug|Any CPU
		{EE14A7C4-D8F3-47F4-9EE1-A55788BCF50B}.Release|Any CPU.ActiveCfg = Release|Any CPU
		{EE14A7C4-D8F3-47F4-9EE1-A55788BCF50B}.Release|Any CPU.Build.0 = Release|Any CPU
		{EE14A7C4-D8F3-47F4-9EE1-A55788BCF50B}.Release|x64.ActiveCfg = Release|Any CPU
		{EE14A7C4-D8F3-47F4-9EE1-A55788BCF50B}.Release|x64.Build.0 = Release|Any CPU
		{EE14A7C4-D8F3-47F4-9EE1-A55788BCF50B}.Release|x86.ActiveCfg = Release|Any CPU
		{EE14A7C4-D8F3-47F4-9EE1-A55788BCF50B}.Release|x86.Build.0 = Release|Any CPU
		{3D455851-1600-4750-A0B0-360C485FF2F1}.Debug|Any CPU.ActiveCfg = Debug|Any CPU
		{3D455851-1600-4750-A0B0-360C485FF2F1}.Debug|Any CPU.Build.0 = Debug|Any CPU
		{3D455851-1600-4750-A0B0-360C485FF2F1}.Debug|x64.ActiveCfg = Debug|Any CPU
		{3D455851-1600-4750-A0B0-360C485FF2F1}.Debug|x64.Build.0 = Debug|Any CPU
		{3D455851-1600-4750-A0B0-360C485FF2F1}.Debug|x86.ActiveCfg = Debug|Any CPU
		{3D455851-1600-4750-A0B0-360C485FF2F1}.Debug|x86.Build.0 = Debug|Any CPU
		{3D455851-1600-4750-A0B0-360C485FF2F1}.Release|Any CPU.ActiveCfg = Release|Any CPU
		{3D455851-1600-4750-A0B0-360C485FF2F1}.Release|Any CPU.Build.0 = Release|Any CPU
		{3D455851-1600-4750-A0B0-360C485FF2F1}.Release|x64.ActiveCfg = Release|Any CPU
		{3D455851-1600-4750-A0B0-360C485FF2F1}.Release|x64.Build.0 = Release|Any CPU
		{3D455851-1600-4750-A0B0-360C485FF2F1}.Release|x86.ActiveCfg = Release|Any CPU
		{3D455851-1600-4750-A0B0-360C485FF2F1}.Release|x86.Build.0 = Release|Any CPU
	EndGlobalSection
	GlobalSection(SolutionProperties) = preSolution
		HideSolutionNode = FALSE
	EndGlobalSection
	GlobalSection(ExtensibilityGlobals) = postSolution
		SolutionGuid = {348317C7-538C-4817-8763-B94B37630ED9}
	EndGlobalSection
EndGlobal
